
Microsoft Visual Studio Solution File, Format Version 12.00
# Visual Studio Version 16
VisualStudioVersion = 16.0.29326.143
MinimumVisualStudioVersion = 10.0.40219.1
Project("{FAE04EC0-301F-11D3-BF4B-00C04F79EFBC}") = "Exercicio her + poli", "Exercicio her + poli\Exercicio her + poli.csproj", "{4F9BAE2E-9071-4685-AC86-8790B32A1284}"
EndProject
Global
	GlobalSection(SolutionConfigurationPlatforms) = preSolution
		Debug|Any CPU = Debug|Any CPU
		Release|Any CPU = Release|Any CPU
	EndGlobalSection
	GlobalSection(ProjectConfigurationPlatforms) = postSolution
		{4F9BAE2E-9071-4685-AC86-8790B32A1284}.Debug|Any CPU.ActiveCfg = Debug|Any CPU
		{4F9BAE2E-9071-4685-AC86-8790B32A1284}.Debug|Any CPU.Build.0 = Debug|Any CPU
		{4F9BAE2E-9071-4685-AC86-8790B32A1284}.Release|Any CPU.ActiveCfg = Release|Any CPU
		{4F9BAE2E-9071-4685-AC86-8790B32A1284}.Release|Any CPU.Build.0 = Release|Any CPU
	EndGlobalSection
	GlobalSection(SolutionProperties) = preSolution
		HideSolutionNode = FALSE
	EndGlobalSection
	GlobalSection(ExtensibilityGlobals) = postSolution
		SolutionGuid = {067E0F7C-F89D-4A48-A320-DC0B080D6BCD}
	EndGlobalSection
EndGlobal
